// !$*UTF8*$!
{
	archiveVersion = 1;
	classes = {
	};
	objectVersion = 56;
	objects = {

/* Begin PBXBuildFile section */
		932A50EF2C009CAB00B8A05B /* AppDelegate.swift in Sources */ = {isa = PBXBuildFile; fileRef = 932A50EE2C009CAB00B8A05B /* AppDelegate.swift */; };
		932A50F12C009CAB00B8A05B /* SceneDelegate.swift in Sources */ = {isa = PBXBuildFile; fileRef = 932A50F02C009CAB00B8A05B /* SceneDelegate.swift */; };
		932A50F32C009CAB00B8A05B /* ViewController.swift in Sources */ = {isa = PBXBuildFile; fileRef = 932A50F22C009CAB00B8A05B /* ViewController.swift */; };
		932A50F62C009CAB00B8A05B /* Base in Resources */ = {isa = PBXBuildFile; fileRef = 932A50F52C009CAB00B8A05B /* Base */; };
		932A50F92C009CAB00B8A05B /* eteration_case.xcdatamodeld in Sources */ = {isa = PBXBuildFile; fileRef = 932A50F72C009CAB00B8A05B /* eteration_case.xcdatamodeld */; };
		932A50FB2C009CAC00B8A05B /* Assets.xcassets in Resources */ = {isa = PBXBuildFile; fileRef = 932A50FA2C009CAC00B8A05B /* Assets.xcassets */; };
		932A50FE2C009CAC00B8A05B /* Base in Resources */ = {isa = PBXBuildFile; fileRef = 932A50FD2C009CAC00B8A05B /* Base */; };
		932A51092C009CAC00B8A05B /* eteration_caseTests.swift in Sources */ = {isa = PBXBuildFile; fileRef = 932A51082C009CAC00B8A05B /* eteration_caseTests.swift */; };
		932A51132C009CAC00B8A05B /* eteration_caseUITests.swift in Sources */ = {isa = PBXBuildFile; fileRef = 932A51122C009CAC00B8A05B /* eteration_caseUITests.swift */; };
		932A51152C009CAC00B8A05B /* eteration_caseUITestsLaunchTests.swift in Sources */ = {isa = PBXBuildFile; fileRef = 932A51142C009CAC00B8A05B /* eteration_caseUITestsLaunchTests.swift */; };
		932A512B2C013D0600B8A05B /* HomeViewController.swift in Sources */ = {isa = PBXBuildFile; fileRef = 932A512A2C013D0600B8A05B /* HomeViewController.swift */; };
		932A512D2C013D2D00B8A05B /* FavoriteViewController.swift in Sources */ = {isa = PBXBuildFile; fileRef = 932A512C2C013D2D00B8A05B /* FavoriteViewController.swift */; };
		932A512F2C013D4A00B8A05B /* DetailViewController.swift in Sources */ = {isa = PBXBuildFile; fileRef = 932A512E2C013D4A00B8A05B /* DetailViewController.swift */; };
		932A51312C013D6100B8A05B /* ProfileViewController.swift in Sources */ = {isa = PBXBuildFile; fileRef = 932A51302C013D6100B8A05B /* ProfileViewController.swift */; };
		932A51332C013D6800B8A05B /* BasketViewController.swift in Sources */ = {isa = PBXBuildFile; fileRef = 932A51322C013D6800B8A05B /* BasketViewController.swift */; };
		932A51352C013D8700B8A05B /* BasketViewModel.swift in Sources */ = {isa = PBXBuildFile; fileRef = 932A51342C013D8700B8A05B /* BasketViewModel.swift */; };
		932A51372C013D9200B8A05B /* ProfileViewModel.swift in Sources */ = {isa = PBXBuildFile; fileRef = 932A51362C013D9200B8A05B /* ProfileViewModel.swift */; };
		932A51392C013D9900B8A05B /* DetailViewModel.swift in Sources */ = {isa = PBXBuildFile; fileRef = 932A51382C013D9900B8A05B /* DetailViewModel.swift */; };
		932A513B2C013DA200B8A05B /* HomeViewModel.swift in Sources */ = {isa = PBXBuildFile; fileRef = 932A513A2C013DA200B8A05B /* HomeViewModel.swift */; };
		932A513D2C013DAD00B8A05B /* FavoriteViewModel.swift in Sources */ = {isa = PBXBuildFile; fileRef = 932A513C2C013DAD00B8A05B /* FavoriteViewModel.swift */; };
		932A51412C01442400B8A05B /* TabbarViewController.swift in Sources */ = {isa = PBXBuildFile; fileRef = 932A51402C01442400B8A05B /* TabbarViewController.swift */; };
		932A51442C01446600B8A05B /* Constants.swift in Sources */ = {isa = PBXBuildFile; fileRef = 932A51432C01446600B8A05B /* Constants.swift */; };
		932A51492C014A4300B8A05B /* HeaderView.swift in Sources */ = {isa = PBXBuildFile; fileRef = 932A51482C014A4300B8A05B /* HeaderView.swift */; };
		932A514B2C014B3800B8A05B /* CustomNavigationHeader.swift in Sources */ = {isa = PBXBuildFile; fileRef = 932A514A2C014B3800B8A05B /* CustomNavigationHeader.swift */; };
		932A514E2C0150C400B8A05B /* ProductCell.swift in Sources */ = {isa = PBXBuildFile; fileRef = 932A514D2C0150C400B8A05B /* ProductCell.swift */; };
		932A51512C0150F800B8A05B /* Product.swift in Sources */ = {isa = PBXBuildFile; fileRef = 932A51502C0150F800B8A05B /* Product.swift */; };
		932A51542C0156EC00B8A05B /* NetworkManager.swift in Sources */ = {isa = PBXBuildFile; fileRef = 932A51532C0156EC00B8A05B /* NetworkManager.swift */; };
		932A51572C01584400B8A05B /* Kingfisher in Frameworks */ = {isa = PBXBuildFile; productRef = 932A51562C01584400B8A05B /* Kingfisher */; };
		932A515C2C02072600B8A05B /* CardItem.swift in Sources */ = {isa = PBXBuildFile; fileRef = 932A515B2C02072600B8A05B /* CardItem.swift */; };
		932A51602C020FD500B8A05B /* BasketItemCell.swift in Sources */ = {isa = PBXBuildFile; fileRef = 932A515F2C020FD500B8A05B /* BasketItemCell.swift */; };
		932A51632C021C1B00B8A05B /* FilterViewController.swift in Sources */ = {isa = PBXBuildFile; fileRef = 932A51622C021C1B00B8A05B /* FilterViewController.swift */; };
		932A51672C02208400B8A05B /* CoreDataManager.swift in Sources */ = {isa = PBXBuildFile; fileRef = 932A51662C02208400B8A05B /* CoreDataManager.swift */; };
		932A51692C0220B700B8A05B /* Extension + NotificationCenter.swift in Sources */ = {isa = PBXBuildFile; fileRef = 932A51682C0220B700B8A05B /* Extension + NotificationCenter.swift */; };
		932A516B2C02248C00B8A05B /* FavoriteProductCell.swift in Sources */ = {isa = PBXBuildFile; fileRef = 932A516A2C02248C00B8A05B /* FavoriteProductCell.swift */; };
		932A516D2C02441E00B8A05B /* Extension + UIViewController.swift in Sources */ = {isa = PBXBuildFile; fileRef = 932A516C2C02441E00B8A05B /* Extension + UIViewController.swift */; };
		932A516F2C03289C00B8A05B /* HomeFilterHeader.swift in Sources */ = {isa = PBXBuildFile; fileRef = 932A516E2C03289C00B8A05B /* HomeFilterHeader.swift */; };
		932A51712C0336EF00B8A05B /* FilterViewModel.swift in Sources */ = {isa = PBXBuildFile; fileRef = 932A51702C0336EF00B8A05B /* FilterViewModel.swift */; };
		932A51732C03464C00B8A05B /* Extension + BasketProduct .swift in Sources */ = {isa = PBXBuildFile; fileRef = 932A51722C03464C00B8A05B /* Extension + BasketProduct .swift */; };
		932A518D2C04D14500B8A05B /* MockNetworkManager.swift in Sources */ = {isa = PBXBuildFile; fileRef = 932A518C2C04D14500B8A05B /* MockNetworkManager.swift */; };
		932A518F2C04D18A00B8A05B /* HomeViewModelTests.swift in Sources */ = {isa = PBXBuildFile; fileRef = 932A518E2C04D18A00B8A05B /* HomeViewModelTests.swift */; };
/* End PBXBuildFile section */

/* Begin PBXContainerItemProxy section */
		932A51052C009CAC00B8A05B /* PBXContainerItemProxy */ = {
			isa = PBXContainerItemProxy;
			containerPortal = 932A50E32C009CAA00B8A05B /* Project object */;
			proxyType = 1;
			remoteGlobalIDString = 932A50EA2C009CAA00B8A05B;
			remoteInfo = "eteration-case";
		};
		932A510F2C009CAC00B8A05B /* PBXContainerItemProxy */ = {
			isa = PBXContainerItemProxy;
			containerPortal = 932A50E32C009CAA00B8A05B /* Project object */;
			proxyType = 1;
			remoteGlobalIDString = 932A50EA2C009CAA00B8A05B;
			remoteInfo = "eteration-case";
		};
/* End PBXContainerItemProxy section */

/* Begin PBXFileReference section */
		932A50EB2C009CAA00B8A05B /* eteration-case.app */ = {isa = PBXFileReference; explicitFileType = wrapper.application; includeInIndex = 0; path = "eteration-case.app"; sourceTree = BUILT_PRODUCTS_DIR; };
		932A50EE2C009CAB00B8A05B /* AppDelegate.swift */ = {isa = PBXFileReference; lastKnownFileType = sourcecode.swift; path = AppDelegate.swift; sourceTree = "<group>"; };
		932A50F02C009CAB00B8A05B /* SceneDelegate.swift */ = {isa = PBXFileReference; lastKnownFileType = sourcecode.swift; path = SceneDelegate.swift; sourceTree = "<group>"; };
		932A50F22C009CAB00B8A05B /* ViewController.swift */ = {isa = PBXFileReference; lastKnownFileType = sourcecode.swift; path = ViewController.swift; sourceTree = "<group>"; };
		932A50F52C009CAB00B8A05B /* Base */ = {isa = PBXFileReference; lastKnownFileType = file.storyboard; name = Base; path = Base.lproj/Main.storyboard; sourceTree = "<group>"; };
		932A50F82C009CAB00B8A05B /* eteration_case.xcdatamodel */ = {isa = PBXFileReference; lastKnownFileType = wrapper.xcdatamodel; path = eteration_case.xcdatamodel; sourceTree = "<group>"; };
		932A50FA2C009CAC00B8A05B /* Assets.xcassets */ = {isa = PBXFileReference; lastKnownFileType = folder.assetcatalog; path = Assets.xcassets; sourceTree = "<group>"; };
		932A50FD2C009CAC00B8A05B /* Base */ = {isa = PBXFileReference; lastKnownFileType = file.storyboard; name = Base; path = Base.lproj/LaunchScreen.storyboard; sourceTree = "<group>"; };
		932A50FF2C009CAC00B8A05B /* Info.plist */ = {isa = PBXFileReference; lastKnownFileType = text.plist.xml; path = Info.plist; sourceTree = "<group>"; };
		932A51042C009CAC00B8A05B /* eteration-caseTests.xctest */ = {isa = PBXFileReference; explicitFileType = wrapper.cfbundle; includeInIndex = 0; path = "eteration-caseTests.xctest"; sourceTree = BUILT_PRODUCTS_DIR; };
		932A51082C009CAC00B8A05B /* eteration_caseTests.swift */ = {isa = PBXFileReference; lastKnownFileType = sourcecode.swift; path = eteration_caseTests.swift; sourceTree = "<group>"; };
		932A510E2C009CAC00B8A05B /* eteration-caseUITests.xctest */ = {isa = PBXFileReference; explicitFileType = wrapper.cfbundle; includeInIndex = 0; path = "eteration-caseUITests.xctest"; sourceTree = BUILT_PRODUCTS_DIR; };
		932A51122C009CAC00B8A05B /* eteration_caseUITests.swift */ = {isa = PBXFileReference; lastKnownFileType = sourcecode.swift; path = eteration_caseUITests.swift; sourceTree = "<group>"; };
		932A51142C009CAC00B8A05B /* eteration_caseUITestsLaunchTests.swift */ = {isa = PBXFileReference; lastKnownFileType = sourcecode.swift; path = eteration_caseUITestsLaunchTests.swift; sourceTree = "<group>"; };
		932A512A2C013D0600B8A05B /* HomeViewController.swift */ = {isa = PBXFileReference; lastKnownFileType = sourcecode.swift; path = HomeViewController.swift; sourceTree = "<group>"; };
		932A512C2C013D2D00B8A05B /* FavoriteViewController.swift */ = {isa = PBXFileReference; lastKnownFileType = sourcecode.swift; path = FavoriteViewController.swift; sourceTree = "<group>"; };
		932A512E2C013D4A00B8A05B /* DetailViewController.swift */ = {isa = PBXFileReference; lastKnownFileType = sourcecode.swift; path = DetailViewController.swift; sourceTree = "<group>"; };
		932A51302C013D6100B8A05B /* ProfileViewController.swift */ = {isa = PBXFileReference; lastKnownFileType = sourcecode.swift; path = ProfileViewController.swift; sourceTree = "<group>"; };
		932A51322C013D6800B8A05B /* BasketViewController.swift */ = {isa = PBXFileReference; lastKnownFileType = sourcecode.swift; path = BasketViewController.swift; sourceTree = "<group>"; };
		932A51342C013D8700B8A05B /* BasketViewModel.swift */ = {isa = PBXFileReference; lastKnownFileType = sourcecode.swift; path = BasketViewModel.swift; sourceTree = "<group>"; };
		932A51362C013D9200B8A05B /* ProfileViewModel.swift */ = {isa = PBXFileReference; lastKnownFileType = sourcecode.swift; path = ProfileViewModel.swift; sourceTree = "<group>"; };
		932A51382C013D9900B8A05B /* DetailViewModel.swift */ = {isa = PBXFileReference; lastKnownFileType = sourcecode.swift; path = DetailViewModel.swift; sourceTree = "<group>"; };
		932A513A2C013DA200B8A05B /* HomeViewModel.swift */ = {isa = PBXFileReference; lastKnownFileType = sourcecode.swift; path = HomeViewModel.swift; sourceTree = "<group>"; };
		932A513C2C013DAD00B8A05B /* FavoriteViewModel.swift */ = {isa = PBXFileReference; lastKnownFileType = sourcecode.swift; path = FavoriteViewModel.swift; sourceTree = "<group>"; };
		932A51402C01442400B8A05B /* TabbarViewController.swift */ = {isa = PBXFileReference; lastKnownFileType = sourcecode.swift; path = TabbarViewController.swift; sourceTree = "<group>"; };
		932A51432C01446600B8A05B /* Constants.swift */ = {isa = PBXFileReference; lastKnownFileType = sourcecode.swift; path = Constants.swift; sourceTree = "<group>"; };
		932A51482C014A4300B8A05B /* HeaderView.swift */ = {isa = PBXFileReference; lastKnownFileType = sourcecode.swift; path = HeaderView.swift; sourceTree = "<group>"; };
		932A514A2C014B3800B8A05B /* CustomNavigationHeader.swift */ = {isa = PBXFileReference; lastKnownFileType = sourcecode.swift; path = CustomNavigationHeader.swift; sourceTree = "<group>"; };
		932A514D2C0150C400B8A05B /* ProductCell.swift */ = {isa = PBXFileReference; lastKnownFileType = sourcecode.swift; path = ProductCell.swift; sourceTree = "<group>"; };
		932A51502C0150F800B8A05B /* Product.swift */ = {isa = PBXFileReference; lastKnownFileType = sourcecode.swift; path = Product.swift; sourceTree = "<group>"; };
		932A51532C0156EC00B8A05B /* NetworkManager.swift */ = {isa = PBXFileReference; lastKnownFileType = sourcecode.swift; path = NetworkManager.swift; sourceTree = "<group>"; };
		932A515B2C02072600B8A05B /* CardItem.swift */ = {isa = PBXFileReference; lastKnownFileType = sourcecode.swift; path = CardItem.swift; sourceTree = "<group>"; };
		932A515F2C020FD500B8A05B /* BasketItemCell.swift */ = {isa = PBXFileReference; lastKnownFileType = sourcecode.swift; path = BasketItemCell.swift; sourceTree = "<group>"; };
		932A51622C021C1B00B8A05B /* FilterViewController.swift */ = {isa = PBXFileReference; lastKnownFileType = sourcecode.swift; path = FilterViewController.swift; sourceTree = "<group>"; };
		932A51662C02208400B8A05B /* CoreDataManager.swift */ = {isa = PBXFileReference; lastKnownFileType = sourcecode.swift; path = CoreDataManager.swift; sourceTree = "<group>"; };
		932A51682C0220B700B8A05B /* Extension + NotificationCenter.swift */ = {isa = PBXFileReference; lastKnownFileType = sourcecode.swift; path = "Extension + NotificationCenter.swift"; sourceTree = "<group>"; };
		932A516A2C02248C00B8A05B /* FavoriteProductCell.swift */ = {isa = PBXFileReference; lastKnownFileType = sourcecode.swift; path = FavoriteProductCell.swift; sourceTree = "<group>"; };
		932A516C2C02441E00B8A05B /* Extension + UIViewController.swift */ = {isa = PBXFileReference; lastKnownFileType = sourcecode.swift; path = "Extension + UIViewController.swift"; sourceTree = "<group>"; };
		932A516E2C03289C00B8A05B /* HomeFilterHeader.swift */ = {isa = PBXFileReference; lastKnownFileType = sourcecode.swift; path = HomeFilterHeader.swift; sourceTree = "<group>"; };
		932A51702C0336EF00B8A05B /* FilterViewModel.swift */ = {isa = PBXFileReference; lastKnownFileType = sourcecode.swift; path = FilterViewModel.swift; sourceTree = "<group>"; };
		932A51722C03464C00B8A05B /* Extension + BasketProduct .swift */ = {isa = PBXFileReference; lastKnownFileType = sourcecode.swift; path = "Extension + BasketProduct .swift"; sourceTree = "<group>"; };
		932A518C2C04D14500B8A05B /* MockNetworkManager.swift */ = {isa = PBXFileReference; lastKnownFileType = sourcecode.swift; path = MockNetworkManager.swift; sourceTree = "<group>"; };
		932A518E2C04D18A00B8A05B /* HomeViewModelTests.swift */ = {isa = PBXFileReference; lastKnownFileType = sourcecode.swift; path = HomeViewModelTests.swift; sourceTree = "<group>"; };
/* End PBXFileReference section */

/* Begin PBXFrameworksBuildPhase section */
		932A50E82C009CAA00B8A05B /* Frameworks */ = {
			isa = PBXFrameworksBuildPhase;
			buildActionMask = 2147483647;
			files = (
				932A51572C01584400B8A05B /* Kingfisher in Frameworks */,
			);
			runOnlyForDeploymentPostprocessing = 0;
		};
		932A51012C009CAC00B8A05B /* Frameworks */ = {
			isa = PBXFrameworksBuildPhase;
			buildActionMask = 2147483647;
			files = (
			);
			runOnlyForDeploymentPostprocessing = 0;
		};
		932A510B2C009CAC00B8A05B /* Frameworks */ = {
			isa = PBXFrameworksBuildPhase;
			buildActionMask = 2147483647;
			files = (
			);
			runOnlyForDeploymentPostprocessing = 0;
		};
/* End PBXFrameworksBuildPhase section */

/* Begin PBXGroup section */
		932A50E22C009CAA00B8A05B = {
			isa = PBXGroup;
			children = (
				932A50ED2C009CAA00B8A05B /* eteration-case */,
				932A51072C009CAC00B8A05B /* eteration-caseTests */,
				932A51112C009CAC00B8A05B /* eteration-caseUITests */,
				932A50EC2C009CAA00B8A05B /* Products */,
			);
			sourceTree = "<group>";
		};
		932A50EC2C009CAA00B8A05B /* Products */ = {
			isa = PBXGroup;
			children = (
				932A50EB2C009CAA00B8A05B /* eteration-case.app */,
				932A51042C009CAC00B8A05B /* eteration-caseTests.xctest */,
				932A510E2C009CAC00B8A05B /* eteration-caseUITests.xctest */,
			);
			name = Products;
			sourceTree = "<group>";
		};
		932A50ED2C009CAA00B8A05B /* eteration-case */ = {
			isa = PBXGroup;
			children = (
				932A51212C009D1D00B8A05B /* App */,
				932A51422C01445800B8A05B /* Utils */,
				932A51522C0156DF00B8A05B /* Manager */,
				932A514F2C0150EA00B8A05B /* Models */,
				932A51462C014A2900B8A05B /* Components */,
				932A513E2C0143EB00B8A05B /* Modules */,
				932A50F22C009CAB00B8A05B /* ViewController.swift */,
				932A50F42C009CAB00B8A05B /* Main.storyboard */,
				932A50FA2C009CAC00B8A05B /* Assets.xcassets */,
				932A50FC2C009CAC00B8A05B /* LaunchScreen.storyboard */,
				932A50FF2C009CAC00B8A05B /* Info.plist */,
				932A50F72C009CAB00B8A05B /* eteration_case.xcdatamodeld */,
			);
			path = "eteration-case";
			sourceTree = "<group>";
		};
		932A51072C009CAC00B8A05B /* eteration-caseTests */ = {
			isa = PBXGroup;
			children = (
				932A518B2C04D13100B8A05B /* Home */,
				932A51082C009CAC00B8A05B /* eteration_caseTests.swift */,
			);
			path = "eteration-caseTests";
			sourceTree = "<group>";
		};
		932A51112C009CAC00B8A05B /* eteration-caseUITests */ = {
			isa = PBXGroup;
			children = (
				932A51122C009CAC00B8A05B /* eteration_caseUITests.swift */,
				932A51142C009CAC00B8A05B /* eteration_caseUITestsLaunchTests.swift */,
			);
			path = "eteration-caseUITests";
			sourceTree = "<group>";
		};
		932A51212C009D1D00B8A05B /* App */ = {
			isa = PBXGroup;
			children = (
				932A50F02C009CAB00B8A05B /* SceneDelegate.swift */,
				932A50EE2C009CAB00B8A05B /* AppDelegate.swift */,
			);
			path = App;
			sourceTree = "<group>";
		};
		932A51222C013C9A00B8A05B /* Scene */ = {
			isa = PBXGroup;
			children = (
				932A51252C013CAE00B8A05B /* Home */,
				932A51612C021C1200B8A05B /* Filter */,
				932A51272C013CBF00B8A05B /* Detail */,
				932A51242C013CA400B8A05B /* Favorite */,
				932A51292C013CD600B8A05B /* Basket */,
				932A51282C013CD100B8A05B /* Profile */,
			);
			path = Scene;
			sourceTree = "<group>";
		};
		932A51242C013CA400B8A05B /* Favorite */ = {
			isa = PBXGroup;
			children = (
				932A512C2C013D2D00B8A05B /* FavoriteViewController.swift */,
				932A513C2C013DAD00B8A05B /* FavoriteViewModel.swift */,
			);
			path = Favorite;
			sourceTree = "<group>";
		};
		932A51252C013CAE00B8A05B /* Home */ = {
			isa = PBXGroup;
			children = (
				932A512A2C013D0600B8A05B /* HomeViewController.swift */,
				932A513A2C013DA200B8A05B /* HomeViewModel.swift */,
			);
			path = Home;
			sourceTree = "<group>";
		};
		932A51272C013CBF00B8A05B /* Detail */ = {
			isa = PBXGroup;
			children = (
				932A512E2C013D4A00B8A05B /* DetailViewController.swift */,
				932A51382C013D9900B8A05B /* DetailViewModel.swift */,
			);
			path = Detail;
			sourceTree = "<group>";
		};
		932A51282C013CD100B8A05B /* Profile */ = {
			isa = PBXGroup;
			children = (
				932A51302C013D6100B8A05B /* ProfileViewController.swift */,
				932A51362C013D9200B8A05B /* ProfileViewModel.swift */,
			);
			path = Profile;
			sourceTree = "<group>";
		};
		932A51292C013CD600B8A05B /* Basket */ = {
			isa = PBXGroup;
			children = (
				932A51322C013D6800B8A05B /* BasketViewController.swift */,
				932A51342C013D8700B8A05B /* BasketViewModel.swift */,
			);
			path = Basket;
			sourceTree = "<group>";
		};
		932A513E2C0143EB00B8A05B /* Modules */ = {
			isa = PBXGroup;
			children = (
				932A513F2C0143F700B8A05B /* Tabbar */,
				932A51222C013C9A00B8A05B /* Scene */,
			);
			path = Modules;
			sourceTree = "<group>";
		};
		932A513F2C0143F700B8A05B /* Tabbar */ = {
			isa = PBXGroup;
			children = (
				932A51402C01442400B8A05B /* TabbarViewController.swift */,
			);
			path = Tabbar;
			sourceTree = "<group>";
		};
		932A51422C01445800B8A05B /* Utils */ = {
			isa = PBXGroup;
			children = (
				932A51432C01446600B8A05B /* Constants.swift */,
				932A51682C0220B700B8A05B /* Extension + NotificationCenter.swift */,
				932A516C2C02441E00B8A05B /* Extension + UIViewController.swift */,
				932A51722C03464C00B8A05B /* Extension + BasketProduct .swift */,
			);
			path = Utils;
			sourceTree = "<group>";
		};
		932A51462C014A2900B8A05B /* Components */ = {
			isa = PBXGroup;
			children = (
				932A51582C0206F000B8A05B /* UITableViewCell */,
				932A514C2C0150BA00B8A05B /* UICollectionViewCell */,
				932A51472C014A3C00B8A05B /* Views */,
			);
			path = Components;
			sourceTree = "<group>";
		};
		932A51472C014A3C00B8A05B /* Views */ = {
			isa = PBXGroup;
			children = (
				932A51482C014A4300B8A05B /* HeaderView.swift */,
				932A514A2C014B3800B8A05B /* CustomNavigationHeader.swift */,
			);
			path = Views;
			sourceTree = "<group>";
		};
		932A514C2C0150BA00B8A05B /* UICollectionViewCell */ = {
			isa = PBXGroup;
			children = (
				932A514D2C0150C400B8A05B /* ProductCell.swift */,
				932A516E2C03289C00B8A05B /* HomeFilterHeader.swift */,
			);
			path = UICollectionViewCell;
			sourceTree = "<group>";
		};
		932A514F2C0150EA00B8A05B /* Models */ = {
			isa = PBXGroup;
			children = (
				932A51502C0150F800B8A05B /* Product.swift */,
				932A515B2C02072600B8A05B /* CardItem.swift */,
			);
			path = Models;
			sourceTree = "<group>";
		};
		932A51522C0156DF00B8A05B /* Manager */ = {
			isa = PBXGroup;
			children = (
				932A51532C0156EC00B8A05B /* NetworkManager.swift */,
				932A51662C02208400B8A05B /* CoreDataManager.swift */,
			);
			path = Manager;
			sourceTree = "<group>";
		};
		932A51582C0206F000B8A05B /* UITableViewCell */ = {
			isa = PBXGroup;
			children = (
				932A515F2C020FD500B8A05B /* BasketItemCell.swift */,
				932A516A2C02248C00B8A05B /* FavoriteProductCell.swift */,
			);
			path = UITableViewCell;
			sourceTree = "<group>";
		};
		932A51612C021C1200B8A05B /* Filter */ = {
			isa = PBXGroup;
			children = (
				932A51622C021C1B00B8A05B /* FilterViewController.swift */,
				932A51702C0336EF00B8A05B /* FilterViewModel.swift */,
			);
			path = Filter;
			sourceTree = "<group>";
		};
		932A518B2C04D13100B8A05B /* Home */ = {
			isa = PBXGroup;
			children = (
				932A518C2C04D14500B8A05B /* MockNetworkManager.swift */,
				932A518E2C04D18A00B8A05B /* HomeViewModelTests.swift */,
			);
			path = Home;
			sourceTree = "<group>";
		};
/* End PBXGroup section */

/* Begin PBXNativeTarget section */
		932A50EA2C009CAA00B8A05B /* eteration-case */ = {
			isa = PBXNativeTarget;
			buildConfigurationList = 932A51182C009CAC00B8A05B /* Build configuration list for PBXNativeTarget "eteration-case" */;
			buildPhases = (
				932A50E72C009CAA00B8A05B /* Sources */,
				932A50E82C009CAA00B8A05B /* Frameworks */,
				932A50E92C009CAA00B8A05B /* Resources */,
			);
			buildRules = (
			);
			dependencies = (
			);
			name = "eteration-case";
			packageProductDependencies = (
				932A51562C01584400B8A05B /* Kingfisher */,
			);
			productName = "eteration-case";
			productReference = 932A50EB2C009CAA00B8A05B /* eteration-case.app */;
			productType = "com.apple.product-type.application";
		};
		932A51032C009CAC00B8A05B /* eteration-caseTests */ = {
			isa = PBXNativeTarget;
			buildConfigurationList = 932A511B2C009CAC00B8A05B /* Build configuration list for PBXNativeTarget "eteration-caseTests" */;
			buildPhases = (
				932A51002C009CAC00B8A05B /* Sources */,
				932A51012C009CAC00B8A05B /* Frameworks */,
				932A51022C009CAC00B8A05B /* Resources */,
			);
			buildRules = (
			);
			dependencies = (
				932A51062C009CAC00B8A05B /* PBXTargetDependency */,
			);
			name = "eteration-caseTests";
			productName = "eteration-caseTests";
			productReference = 932A51042C009CAC00B8A05B /* eteration-caseTests.xctest */;
			productType = "com.apple.product-type.bundle.unit-test";
		};
		932A510D2C009CAC00B8A05B /* eteration-caseUITests */ = {
			isa = PBXNativeTarget;
			buildConfigurationList = 932A511E2C009CAC00B8A05B /* Build configuration list for PBXNativeTarget "eteration-caseUITests" */;
			buildPhases = (
				932A510A2C009CAC00B8A05B /* Sources */,
				932A510B2C009CAC00B8A05B /* Frameworks */,
				932A510C2C009CAC00B8A05B /* Resources */,
			);
			buildRules = (
			);
			dependencies = (
				932A51102C009CAC00B8A05B /* PBXTargetDependency */,
			);
			name = "eteration-caseUITests";
			productName = "eteration-caseUITests";
			productReference = 932A510E2C009CAC00B8A05B /* eteration-caseUITests.xctest */;
			productType = "com.apple.product-type.bundle.ui-testing";
		};
/* End PBXNativeTarget section */

/* Begin PBXProject section */
		932A50E32C009CAA00B8A05B /* Project object */ = {
			isa = PBXProject;
			attributes = {
				BuildIndependentTargetsInParallel = 1;
				LastSwiftUpdateCheck = 1540;
				LastUpgradeCheck = 1540;
				TargetAttributes = {
					932A50EA2C009CAA00B8A05B = {
						CreatedOnToolsVersion = 15.4;
					};
					932A51032C009CAC00B8A05B = {
						CreatedOnToolsVersion = 15.4;
						TestTargetID = 932A50EA2C009CAA00B8A05B;
					};
					932A510D2C009CAC00B8A05B = {
						CreatedOnToolsVersion = 15.4;
						TestTargetID = 932A50EA2C009CAA00B8A05B;
					};
				};
			};
			buildConfigurationList = 932A50E62C009CAA00B8A05B /* Build configuration list for PBXProject "eteration-case" */;
			compatibilityVersion = "Xcode 14.0";
			developmentRegion = en;
			hasScannedForEncodings = 0;
			knownRegions = (
				en,
				Base,
			);
			mainGroup = 932A50E22C009CAA00B8A05B;
			packageReferences = (
				932A51552C01584400B8A05B /* XCRemoteSwiftPackageReference "Kingfisher" */,
			);
			productRefGroup = 932A50EC2C009CAA00B8A05B /* Products */;
			projectDirPath = "";
			projectRoot = "";
			targets = (
				932A50EA2C009CAA00B8A05B /* eteration-case */,
				932A51032C009CAC00B8A05B /* eteration-caseTests */,
				932A510D2C009CAC00B8A05B /* eteration-caseUITests */,
			);
		};
/* End PBXProject section */

/* Begin PBXResourcesBuildPhase section */
		932A50E92C009CAA00B8A05B /* Resources */ = {
			isa = PBXResourcesBuildPhase;
			buildActionMask = 2147483647;
			files = (
				932A50FB2C009CAC00B8A05B /* Assets.xcassets in Resources */,
				932A50FE2C009CAC00B8A05B /* Base in Resources */,
				932A50F62C009CAB00B8A05B /* Base in Resources */,
			);
			runOnlyForDeploymentPostprocessing = 0;
		};
		932A51022C009CAC00B8A05B /* Resources */ = {
			isa = PBXResourcesBuildPhase;
			buildActionMask = 2147483647;
			files = (
			);
			runOnlyForDeploymentPostprocessing = 0;
		};
		932A510C2C009CAC00B8A05B /* Resources */ = {
			isa = PBXResourcesBuildPhase;
			buildActionMask = 2147483647;
			files = (
			);
			runOnlyForDeploymentPostprocessing = 0;
		};
/* End PBXResourcesBuildPhase section */

/* Begin PBXSourcesBuildPhase section */
		932A50E72C009CAA00B8A05B /* Sources */ = {
			isa = PBXSourcesBuildPhase;
			buildActionMask = 2147483647;
			files = (
				932A51332C013D6800B8A05B /* BasketViewController.swift in Sources */,
				932A512B2C013D0600B8A05B /* HomeViewController.swift in Sources */,
				932A50F32C009CAB00B8A05B /* ViewController.swift in Sources */,
				932A51692C0220B700B8A05B /* Extension + NotificationCenter.swift in Sources */,
				932A51542C0156EC00B8A05B /* NetworkManager.swift in Sources */,
				932A50F92C009CAB00B8A05B /* eteration_case.xcdatamodeld in Sources */,
				932A51352C013D8700B8A05B /* BasketViewModel.swift in Sources */,
				932A50EF2C009CAB00B8A05B /* AppDelegate.swift in Sources */,
				932A516F2C03289C00B8A05B /* HomeFilterHeader.swift in Sources */,
				932A51492C014A4300B8A05B /* HeaderView.swift in Sources */,
				932A514B2C014B3800B8A05B /* CustomNavigationHeader.swift in Sources */,
				932A513D2C013DAD00B8A05B /* FavoriteViewModel.swift in Sources */,
				932A51442C01446600B8A05B /* Constants.swift in Sources */,
				932A51602C020FD500B8A05B /* BasketItemCell.swift in Sources */,
				932A512D2C013D2D00B8A05B /* FavoriteViewController.swift in Sources */,
				932A515C2C02072600B8A05B /* CardItem.swift in Sources */,
				932A51712C0336EF00B8A05B /* FilterViewModel.swift in Sources */,
				932A51412C01442400B8A05B /* TabbarViewController.swift in Sources */,
				932A51392C013D9900B8A05B /* DetailViewModel.swift in Sources */,
				932A513B2C013DA200B8A05B /* HomeViewModel.swift in Sources */,
				932A516B2C02248C00B8A05B /* FavoriteProductCell.swift in Sources */,
				932A51372C013D9200B8A05B /* ProfileViewModel.swift in Sources */,
				932A51732C03464C00B8A05B /* Extension + BasketProduct .swift in Sources */,
				932A51632C021C1B00B8A05B /* FilterViewController.swift in Sources */,
				932A514E2C0150C400B8A05B /* ProductCell.swift in Sources */,
				932A50F12C009CAB00B8A05B /* SceneDelegate.swift in Sources */,
				932A51512C0150F800B8A05B /* Product.swift in Sources */,
				932A516D2C02441E00B8A05B /* Extension + UIViewController.swift in Sources */,
				932A51312C013D6100B8A05B /* ProfileViewController.swift in Sources */,
				932A51672C02208400B8A05B /* CoreDataManager.swift in Sources */,
				932A512F2C013D4A00B8A05B /* DetailViewController.swift in Sources */,
			);
			runOnlyForDeploymentPostprocessing = 0;
		};
		932A51002C009CAC00B8A05B /* Sources */ = {
			isa = PBXSourcesBuildPhase;
			buildActionMask = 2147483647;
			files = (
				932A518F2C04D18A00B8A05B /* HomeViewModelTests.swift in Sources */,
				932A51092C009CAC00B8A05B /* eteration_caseTests.swift in Sources */,
				932A518D2C04D14500B8A05B /* MockNetworkManager.swift in Sources */,
			);
			runOnlyForDeploymentPostprocessing = 0;
		};
		932A510A2C009CAC00B8A05B /* Sources */ = {
			isa = PBXSourcesBuildPhase;
			buildActionMask = 2147483647;
			files = (
				932A51152C009CAC00B8A05B /* eteration_caseUITestsLaunchTests.swift in Sources */,
				932A51132C009CAC00B8A05B /* eteration_caseUITests.swift in Sources */,
			);
			runOnlyForDeploymentPostprocessing = 0;
		};
/* End PBXSourcesBuildPhase section */

/* Begin PBXTargetDependency section */
		932A51062C009CAC00B8A05B /* PBXTargetDependency */ = {
			isa = PBXTargetDependency;
			target = 932A50EA2C009CAA00B8A05B /* eteration-case */;
			targetProxy = 932A51052C009CAC00B8A05B /* PBXContainerItemProxy */;
		};
		932A51102C009CAC00B8A05B /* PBXTargetDependency */ = {
			isa = PBXTargetDependency;
			target = 932A50EA2C009CAA00B8A05B /* eteration-case */;
			targetProxy = 932A510F2C009CAC00B8A05B /* PBXContainerItemProxy */;
		};
/* End PBXTargetDependency section */

/* Begin PBXVariantGroup section */
		932A50F42C009CAB00B8A05B /* Main.storyboard */ = {
			isa = PBXVariantGroup;
			children = (
				932A50F52C009CAB00B8A05B /* Base */,
			);
			name = Main.storyboard;
			sourceTree = "<group>";
		};
		932A50FC2C009CAC00B8A05B /* LaunchScreen.storyboard */ = {
			isa = PBXVariantGroup;
			children = (
				932A50FD2C009CAC00B8A05B /* Base */,
			);
			name = LaunchScreen.storyboard;
			sourceTree = "<group>";
		};
/* End PBXVariantGroup section */

/* Begin XCBuildConfiguration section */
		932A51162C009CAC00B8A05B /* Debug */ = {
			isa = XCBuildConfiguration;
			buildSettings = {
				ALWAYS_SEARCH_USER_PATHS = NO;
				ASSETCATALOG_COMPILER_GENERATE_SWIFT_ASSET_SYMBOL_EXTENSIONS = YES;
				CLANG_ANALYZER_NONNULL = YES;
				CLANG_ANALYZER_NUMBER_OBJECT_CONVERSION = YES_AGGRESSIVE;
				CLANG_CXX_LANGUAGE_STANDARD = "gnu++20";
				CLANG_ENABLE_MODULES = YES;
				CLANG_ENABLE_OBJC_ARC = YES;
				CLANG_ENABLE_OBJC_WEAK = YES;
				CLANG_WARN_BLOCK_CAPTURE_AUTORELEASING = YES;
				CLANG_WARN_BOOL_CONVERSION = YES;
				CLANG_WARN_COMMA = YES;
				CLANG_WARN_CONSTANT_CONVERSION = YES;
				CLANG_WARN_DEPRECATED_OBJC_IMPLEMENTATIONS = YES;
				CLANG_WARN_DIRECT_OBJC_ISA_USAGE = YES_ERROR;
				CLANG_WARN_DOCUMENTATION_COMMENTS = YES;
				CLANG_WARN_EMPTY_BODY = YES;
				CLANG_WARN_ENUM_CONVERSION = YES;
				CLANG_WARN_INFINITE_RECURSION = YES;
				CLANG_WARN_INT_CONVERSION = YES;
				CLANG_WARN_NON_LITERAL_NULL_CONVERSION = YES;
				CLANG_WARN_OBJC_IMPLICIT_RETAIN_SELF = YES;
				CLANG_WARN_OBJC_LITERAL_CONVERSION = YES;
				CLANG_WARN_OBJC_ROOT_CLASS = YES_ERROR;
				CLANG_WARN_QUOTED_INCLUDE_IN_FRAMEWORK_HEADER = YES;
				CLANG_WARN_RANGE_LOOP_ANALYSIS = YES;
				CLANG_WARN_STRICT_PROTOTYPES = YES;
				CLANG_WARN_SUSPICIOUS_MOVE = YES;
				CLANG_WARN_UNGUARDED_AVAILABILITY = YES_AGGRESSIVE;
				CLANG_WARN_UNREACHABLE_CODE = YES;
				CLANG_WARN__DUPLICATE_METHOD_MATCH = YES;
				COPY_PHASE_STRIP = NO;
				DEBUG_INFORMATION_FORMAT = dwarf;
				ENABLE_STRICT_OBJC_MSGSEND = YES;
				ENABLE_TESTABILITY = YES;
				ENABLE_USER_SCRIPT_SANDBOXING = YES;
				GCC_C_LANGUAGE_STANDARD = gnu17;
				GCC_DYNAMIC_NO_PIC = NO;
				GCC_NO_COMMON_BLOCKS = YES;
				GCC_OPTIMIZATION_LEVEL = 0;
				GCC_PREPROCESSOR_DEFINITIONS = (
					"DEBUG=1",
					"$(inherited)",
				);
				GCC_WARN_64_TO_32_BIT_CONVERSION = YES;
				GCC_WARN_ABOUT_RETURN_TYPE = YES_ERROR;
				GCC_WARN_UNDECLARED_SELECTOR = YES;
				GCC_WARN_UNINITIALIZED_AUTOS = YES_AGGRESSIVE;
				GCC_WARN_UNUSED_FUNCTION = YES;
				GCC_WARN_UNUSED_VARIABLE = YES;
				IPHONEOS_DEPLOYMENT_TARGET = 17.5;
				LOCALIZATION_PREFERS_STRING_CATALOGS = YES;
				MTL_ENABLE_DEBUG_INFO = INCLUDE_SOURCE;
				MTL_FAST_MATH = YES;
				ONLY_ACTIVE_ARCH = YES;
				SDKROOT = iphoneos;
				SWIFT_ACTIVE_COMPILATION_CONDITIONS = "DEBUG $(inherited)";
				SWIFT_OPTIMIZATION_LEVEL = "-Onone";
			};
			name = Debug;
		};
		932A51172C009CAC00B8A05B /* Release */ = {
			isa = XCBuildConfiguration;
			buildSettings = {
				ALWAYS_SEARCH_USER_PATHS = NO;
				ASSETCATALOG_COMPILER_GENERATE_SWIFT_ASSET_SYMBOL_EXTENSIONS = YES;
				CLANG_ANALYZER_NONNULL = YES;
				CLANG_ANALYZER_NUMBER_OBJECT_CONVERSION = YES_AGGRESSIVE;
				CLANG_CXX_LANGUAGE_STANDARD = "gnu++20";
				CLANG_ENABLE_MODULES = YES;
				CLANG_ENABLE_OBJC_ARC = YES;
				CLANG_ENABLE_OBJC_WEAK = YES;
				CLANG_WARN_BLOCK_CAPTURE_AUTORELEASING = YES;
				CLANG_WARN_BOOL_CONVERSION = YES;
				CLANG_WARN_COMMA = YES;
				CLANG_WARN_CONSTANT_CONVERSION = YES;
				CLANG_WARN_DEPRECATED_OBJC_IMPLEMENTATIONS = YES;
				CLANG_WARN_DIRECT_OBJC_ISA_USAGE = YES_ERROR;
				CLANG_WARN_DOCUMENTATION_COMMENTS = YES;
				CLANG_WARN_EMPTY_BODY = YES;
				CLANG_WARN_ENUM_CONVERSION = YES;
				CLANG_WARN_INFINITE_RECURSION = YES;
				CLANG_WARN_INT_CONVERSION = YES;
				CLANG_WARN_NON_LITERAL_NULL_CONVERSION = YES;
				CLANG_WARN_OBJC_IMPLICIT_RETAIN_SELF = YES;
				CLANG_WARN_OBJC_LITERAL_CONVERSION = YES;
				CLANG_WARN_OBJC_ROOT_CLASS = YES_ERROR;
				CLANG_WARN_QUOTED_INCLUDE_IN_FRAMEWORK_HEADER = YES;
				CLANG_WARN_RANGE_LOOP_ANALYSIS = YES;
				CLANG_WARN_STRICT_PROTOTYPES = YES;
				CLANG_WARN_SUSPICIOUS_MOVE = YES;
				CLANG_WARN_UNGUARDED_AVAILABILITY = YES_AGGRESSIVE;
				CLANG_WARN_UNREACHABLE_CODE = YES;
				CLANG_WARN__DUPLICATE_METHOD_MATCH = YES;
				COPY_PHASE_STRIP = NO;
				DEBUG_INFORMATION_FORMAT = "dwarf-with-dsym";
				ENABLE_NS_ASSERTIONS = NO;
				ENABLE_STRICT_OBJC_MSGSEND = YES;
				ENABLE_USER_SCRIPT_SANDBOXING = YES;
				GCC_C_LANGUAGE_STANDARD = gnu17;
				GCC_NO_COMMON_BLOCKS = YES;
				GCC_WARN_64_TO_32_BIT_CONVERSION = YES;
				GCC_WARN_ABOUT_RETURN_TYPE = YES_ERROR;
				GCC_WARN_UNDECLARED_SELECTOR = YES;
				GCC_WARN_UNINITIALIZED_AUTOS = YES_AGGRESSIVE;
				GCC_WARN_UNUSED_FUNCTION = YES;
				GCC_WARN_UNUSED_VARIABLE = YES;
				IPHONEOS_DEPLOYMENT_TARGET = 17.5;
				LOCALIZATION_PREFERS_STRING_CATALOGS = YES;
				MTL_ENABLE_DEBUG_INFO = NO;
				MTL_FAST_MATH = YES;
				SDKROOT = iphoneos;
				SWIFT_COMPILATION_MODE = wholemodule;
				VALIDATE_PRODUCT = YES;
			};
			name = Release;
		};
		932A51192C009CAC00B8A05B /* Debug */ = {
			isa = XCBuildConfiguration;
			buildSettings = {
				ASSETCATALOG_COMPILER_APPICON_NAME = AppIcon;
				ASSETCATALOG_COMPILER_GLOBAL_ACCENT_COLOR_NAME = AccentColor;
				CODE_SIGN_STYLE = Automatic;
				CURRENT_PROJECT_VERSION = 1;
				DEVELOPMENT_TEAM = 6RYG55F8TD;
				GENERATE_INFOPLIST_FILE = YES;
				INFOPLIST_FILE = "eteration-case/Info.plist";
				INFOPLIST_KEY_UIApplicationSupportsIndirectInputEvents = YES;
				INFOPLIST_KEY_UILaunchStoryboardName = LaunchScreen;
				INFOPLIST_KEY_UIMainStoryboardFile = Main;
				INFOPLIST_KEY_UISupportedInterfaceOrientations_iPad = "UIInterfaceOrientationPortrait UIInterfaceOrientationPortraitUpsideDown UIInterfaceOrientationLandscapeLeft UIInterfaceOrientationLandscapeRight";
				INFOPLIST_KEY_UISupportedInterfaceOrientations_iPhone = "UIInterfaceOrientationPortrait UIInterfaceOrientationLandscapeLeft UIInterfaceOrientationLandscapeRight";
				LD_RUNPATH_SEARCH_PATHS = (
					"$(inherited)",
					"@executable_path/Frameworks",
				);
				MARKETING_VERSION = 1.0;
				PRODUCT_BUNDLE_IDENTIFIER = "kenanbaylan.eteration-case";
				PRODUCT_NAME = "$(TARGET_NAME)";
				SWIFT_EMIT_LOC_STRINGS = YES;
				SWIFT_VERSION = 5.0;
				TARGETED_DEVICE_FAMILY = "1,2";
			};
			name = Debug;
		};
		932A511A2C009CAC00B8A05B /* Release */ = {
			isa = XCBuildConfiguration;
			buildSettings = {
				ASSETCATALOG_COMPILER_APPICON_NAME = AppIcon;
				ASSETCATALOG_COMPILER_GLOBAL_ACCENT_COLOR_NAME = AccentColor;
				CODE_SIGN_STYLE = Automatic;
				CURRENT_PROJECT_VERSION = 1;
				DEVELOPMENT_TEAM = 6RYG55F8TD;
				GENERATE_INFOPLIST_FILE = YES;
				INFOPLIST_FILE = "eteration-case/Info.plist";
				INFOPLIST_KEY_UIApplicationSupportsIndirectInputEvents = YES;
				INFOPLIST_KEY_UILaunchStoryboardName = LaunchScreen;
				INFOPLIST_KEY_UIMainStoryboardFile = Main;
				INFOPLIST_KEY_UISupportedInterfaceOrientations_iPad = "UIInterfaceOrientationPortrait UIInterfaceOrientationPortraitUpsideDown UIInterfaceOrientationLandscapeLeft UIInterfaceOrientationLandscapeRight";
				INFOPLIST_KEY_UISupportedInterfaceOrientations_iPhone = "UIInterfaceOrientationPortrait UIInterfaceOrientationLandscapeLeft UIInterfaceOrientationLandscapeRight";
				LD_RUNPATH_SEARCH_PATHS = (
					"$(inherited)",
					"@executable_path/Frameworks",
				);
				MARKETING_VERSION = 1.0;
				PRODUCT_BUNDLE_IDENTIFIER = "kenanbaylan.eteration-case";
				PRODUCT_NAME = "$(TARGET_NAME)";
				SWIFT_EMIT_LOC_STRINGS = YES;
				SWIFT_VERSION = 5.0;
				TARGETED_DEVICE_FAMILY = "1,2";
			};
			name = Release;
		};
		932A511C2C009CAC00B8A05B /* Debug */ = {
			isa = XCBuildConfiguration;
			buildSettings = {
				ALWAYS_EMBED_SWIFT_STANDARD_LIBRARIES = YES;
				BUNDLE_LOADER = "$(TEST_HOST)";
				CODE_SIGN_STYLE = Automatic;
				CURRENT_PROJECT_VERSION = 1;
				DEVELOPMENT_TEAM = 6RYG55F8TD;
				GENERATE_INFOPLIST_FILE = YES;
				IPHONEOS_DEPLOYMENT_TARGET = 17.5;
				MARKETING_VERSION = 1.0;
				PRODUCT_BUNDLE_IDENTIFIER = "kenanbaylan.eteration-caseTests";
				PRODUCT_NAME = "$(TARGET_NAME)";
				SWIFT_EMIT_LOC_STRINGS = NO;
				SWIFT_VERSION = 5.0;
				TARGETED_DEVICE_FAMILY = "1,2";
				TEST_HOST = "$(BUILT_PRODUCTS_DIR)/eteration-case.app/$(BUNDLE_EXECUTABLE_FOLDER_PATH)/eteration-case";
			};
			name = Debug;
		};
		932A511D2C009CAC00B8A05B /* Release */ = {
			isa = XCBuildConfiguration;
			buildSettings = {
				ALWAYS_EMBED_SWIFT_STANDARD_LIBRARIES = YES;
				BUNDLE_LOADER = "$(TEST_HOST)";
				CODE_SIGN_STYLE = Automatic;
				CURRENT_PROJECT_VERSION = 1;
				DEVELOPMENT_TEAM = 6RYG55F8TD;
				GENERATE_INFOPLIST_FILE = YES;
				IPHONEOS_DEPLOYMENT_TARGET = 17.5;
				MARKETING_VERSION = 1.0;
				PRODUCT_BUNDLE_IDENTIFIER = "kenanbaylan.eteration-caseTests";
				PRODUCT_NAME = "$(TARGET_NAME)";
				SWIFT_EMIT_LOC_STRINGS = NO;
				SWIFT_VERSION = 5.0;
				TARGETED_DEVICE_FAMILY = "1,2";
				TEST_HOST = "$(BUILT_PRODUCTS_DIR)/eteration-case.app/$(BUNDLE_EXECUTABLE_FOLDER_PATH)/eteration-case";
			};
			name = Release;
		};
		932A511F2C009CAC00B8A05B /* Debug */ = {
			isa = XCBuildConfiguration;
			buildSettings = {
				ALWAYS_EMBED_SWIFT_STANDARD_LIBRARIES = YES;
				CODE_SIGN_STYLE = Automatic;
				CURRENT_PROJECT_VERSION = 1;
				DEVELOPMENT_TEAM = 6RYG55F8TD;
				GENERATE_INFOPLIST_FILE = YES;
				MARKETING_VERSION = 1.0;
				PRODUCT_BUNDLE_IDENTIFIER = "kenanbaylan.eteration-caseUITests";
				PRODUCT_NAME = "$(TARGET_NAME)";
				SWIFT_EMIT_LOC_STRINGS = NO;
				SWIFT_VERSION = 5.0;
				TARGETED_DEVICE_FAMILY = "1,2";
				TEST_TARGET_NAME = "eteration-case";
			};
			name = Debug;
		};
		932A51202C009CAC00B8A05B /* Release */ = {
			isa = XCBuildConfiguration;
			buildSettings = {
				ALWAYS_EMBED_SWIFT_STANDARD_LIBRARIES = YES;
				CODE_SIGN_STYLE = Automatic;
				CURRENT_PROJECT_VERSION = 1;
				DEVELOPMENT_TEAM = 6RYG55F8TD;
				GENERATE_INFOPLIST_FILE = YES;
				MARKETING_VERSION = 1.0;
				PRODUCT_BUNDLE_IDENTIFIER = "kenanbaylan.eteration-caseUITests";
				PRODUCT_NAME = "$(TARGET_NAME)";
				SWIFT_EMIT_LOC_STRINGS = NO;
				SWIFT_VERSION = 5.0;
				TARGETED_DEVICE_FAMILY = "1,2";
				TEST_TARGET_NAME = "eteration-case";
			};
			name = Release;
		};
/* End XCBuildConfiguration section */

/* Begin XCConfigurationList section */
		932A50E62C009CAA00B8A05B /* Build configuration list for PBXProject "eteration-case" */ = {
			isa = XCConfigurationList;
			buildConfigurations = (
				932A51162C009CAC00B8A05B /* Debug */,
				932A51172C009CAC00B8A05B /* Release */,
			);
			defaultConfigurationIsVisible = 0;
			defaultConfigurationName = Release;
		};
		932A51182C009CAC00B8A05B /* Build configuration list for PBXNativeTarget "eteration-case" */ = {
			isa = XCConfigurationList;
			buildConfigurations = (
				932A51192C009CAC00B8A05B /* Debug */,
				932A511A2C009CAC00B8A05B /* Release */,
			);
			defaultConfigurationIsVisible = 0;
			defaultConfigurationName = Release;
		};
		932A511B2C009CAC00B8A05B /* Build configuration list for PBXNativeTarget "eteration-caseTests" */ = {
			isa = XCConfigurationList;
			buildConfigurations = (
				932A511C2C009CAC00B8A05B /* Debug */,
				932A511D2C009CAC00B8A05B /* Release */,
			);
			defaultConfigurationIsVisible = 0;
			defaultConfigurationName = Release;
		};
		932A511E2C009CAC00B8A05B /* Build configuration list for PBXNativeTarget "eteration-caseUITests" */ = {
			isa = XCConfigurationList;
			buildConfigurations = (
				932A511F2C009CAC00B8A05B /* Debug */,
				932A51202C009CAC00B8A05B /* Release */,
			);
			defaultConfigurationIsVisible = 0;
			defaultConfigurationName = Release;
		};
/* End XCConfigurationList section */

/* Begin XCRemoteSwiftPackageReference section */
		932A51552C01584400B8A05B /* XCRemoteSwiftPackageReference "Kingfisher" */ = {
			isa = XCRemoteSwiftPackageReference;
			repositoryURL = "https://github.com/onevcat/Kingfisher.git";
			requirement = {
				kind = upToNextMajorVersion;
				minimumVersion = 7.11.0;
			};
		};
/* End XCRemoteSwiftPackageReference section */

/* Begin XCSwiftPackageProductDependency section */
		932A51562C01584400B8A05B /* Kingfisher */ = {
			isa = XCSwiftPackageProductDependency;
			package = 932A51552C01584400B8A05B /* XCRemoteSwiftPackageReference "Kingfisher" */;
			productName = Kingfisher;
		};
/* End XCSwiftPackageProductDependency section */

/* Begin XCVersionGroup section */
		932A50F72C009CAB00B8A05B /* eteration_case.xcdatamodeld */ = {
			isa = XCVersionGroup;
			children = (
				932A50F82C009CAB00B8A05B /* eteration_case.xcdatamodel */,
			);
			currentVersion = 932A50F82C009CAB00B8A05B /* eteration_case.xcdatamodel */;
			path = eteration_case.xcdatamodeld;
			sourceTree = "<group>";
			versionGroupType = wrapper.xcdatamodel;
		};
/* End XCVersionGroup section */
	};
	rootObject = 932A50E32C009CAA00B8A05B /* Project object */;
}
